
Microsoft Visual Studio Solution File, Format Version 12.00
# Visual Studio 15
VisualStudioVersion = 15.0.26403.7
MinimumVisualStudioVersion = 10.0.40219.1
Project("{FAE04EC0-301F-11D3-BF4B-00C04F79EFBC}") = "HelloName", "HelloName\HelloName.csproj", "{6F629B88-A864-49CF-9E1C-8B729EB7FC86}"
EndProject
Project("{FAE04EC0-301F-11D3-BF4B-00C04F79EFBC}") = "MaxMethod", "MaxMethod\MaxMethod.csproj", "{56F87706-E219-401C-9B69-75287DCD390D}"
EndProject
Project("{FAE04EC0-301F-11D3-BF4B-00C04F79EFBC}") = "EnglishNameOfLastDigit", "EnglishNameOfLastDigit\EnglishNameOfLastDigit.csproj", "{63C9B92E-3467-4DA6-9D6F-F36D64C5E3C8}"
EndProject
Project("{FAE04EC0-301F-11D3-BF4B-00C04F79EFBC}") = "NumbersInReversedOrder", "NumbersInReversedOrder\NumbersInReversedOrder.csproj", "{32BBB2A0-8A9F-4BCD-9997-9F15C0747584}"
EndProject
Project("{FAE04EC0-301F-11D3-BF4B-00C04F79EFBC}") = "FibonacciNumbers", "FibonacciNumbers\FibonacciNumbers.csproj", "{4DD4FEAC-2E89-410A-80C8-C3507C4325DE}"
EndProject
Project("{FAE04EC0-301F-11D3-BF4B-00C04F79EFBC}") = "PrimeChecker", "PrimeChecker\PrimeChecker.csproj", "{31A2DFAB-E874-43D6-9B0B-C704688A171D}"
EndProject
Project("{FAE04EC0-301F-11D3-BF4B-00C04F79EFBC}") = "PrimesInAGivenRange", "PrimesInAGivenRange\PrimesInAGivenRange.csproj", "{51F8E14B-401D-4730-9737-D70D1510C602}"
EndProject
Project("{FAE04EC0-301F-11D3-BF4B-00C04F79EFBC}") = "CenterPoint", "CenterPoint\CenterPoint.csproj", "{4E14D51C-BF46-4AEC-9266-3E370375C966}"
EndProject
Project("{FAE04EC0-301F-11D3-BF4B-00C04F79EFBC}") = "LongerLine", "LongerLine\LongerLine.csproj", "{0C981796-543C-4B11-95DF-D584686148C2}"
EndProject
Project("{FAE04EC0-301F-11D3-BF4B-00C04F79EFBC}") = "CubeProperties", "CubeProperties\CubeProperties.csproj", "{A29DB766-813A-431E-88A9-A421FC368061}"
EndProject
Project("{FAE04EC0-301F-11D3-BF4B-00C04F79EFBC}") = "GeometryCalculator", "GeometryCalculator\GeometryCalculator.csproj", "{3D11B532-3D17-4089-A901-CF989B228B79}"
EndProject
Global
	GlobalSection(SolutionConfigurationPlatforms) = preSolution
		Debug|Any CPU = Debug|Any CPU
		Release|Any CPU = Release|Any CPU
	EndGlobalSection
	GlobalSection(ProjectConfigurationPlatforms) = postSolution
		{6F629B88-A864-49CF-9E1C-8B729EB7FC86}.Debug|Any CPU.ActiveCfg = Debug|Any CPU
		{6F629B88-A864-49CF-9E1C-8B729EB7FC86}.Debug|Any CPU.Build.0 = Debug|Any CPU
		{6F629B88-A864-49CF-9E1C-8B729EB7FC86}.Release|Any CPU.ActiveCfg = Release|Any CPU
		{6F629B88-A864-49CF-9E1C-8B729EB7FC86}.Release|Any CPU.Build.0 = Release|Any CPU
		{56F87706-E219-401C-9B69-75287DCD390D}.Debug|Any CPU.ActiveCfg = Debug|Any CPU
		{56F87706-E219-401C-9B69-75287DCD390D}.Debug|Any CPU.Build.0 = Debug|Any CPU
		{56F87706-E219-401C-9B69-75287DCD390D}.Release|Any CPU.ActiveCfg = Release|Any CPU
		{56F87706-E219-401C-9B69-75287DCD390D}.Release|Any CPU.Build.0 = Release|Any CPU
		{63C9B92E-3467-4DA6-9D6F-F36D64C5E3C8}.Debug|Any CPU.ActiveCfg = Debug|Any CPU
		{63C9B92E-3467-4DA6-9D6F-F36D64C5E3C8}.Debug|Any CPU.Build.0 = Debug|Any CPU
		{63C9B92E-3467-4DA6-9D6F-F36D64C5E3C8}.Release|Any CPU.ActiveCfg = Release|Any CPU
		{63C9B92E-3467-4DA6-9D6F-F36D64C5E3C8}.Release|Any CPU.Build.0 = Release|Any CPU
		{32BBB2A0-8A9F-4BCD-9997-9F15C0747584}.Debug|Any CPU.ActiveCfg = Debug|Any CPU
		{32BBB2A0-8A9F-4BCD-9997-9F15C0747584}.Debug|Any CPU.Build.0 = Debug|Any CPU
		{32BBB2A0-8A9F-4BCD-9997-9F15C0747584}.Release|Any CPU.ActiveCfg = Release|Any CPU
		{32BBB2A0-8A9F-4BCD-9997-9F15C0747584}.Release|Any CPU.Build.0 = Release|Any CPU
		{4DD4FEAC-2E89-410A-80C8-C3507C4325DE}.Debug|Any CPU.ActiveCfg = Debug|Any CPU
		{4DD4FEAC-2E89-410A-80C8-C3507C4325DE}.Debug|Any CPU.Build.0 = Debug|Any CPU
		{4DD4FEAC-2E89-410A-80C8-C3507C4325DE}.Release|Any CPU.ActiveCfg = Release|Any CPU
		{4DD4FEAC-2E89-410A-80C8-C3507C4325DE}.Release|Any CPU.Build.0 = Release|Any CPU
		{31A2DFAB-E874-43D6-9B0B-C704688A171D}.Debug|Any CPU.ActiveCfg = Debug|Any CPU
		{31A2DFAB-E874-43D6-9B0B-C704688A171D}.Debug|Any CPU.Build.0 = Debug|Any CPU
		{31A2DFAB-E874-43D6-9B0B-C704688A171D}.Release|Any CPU.ActiveCfg = Release|Any CPU
		{31A2DFAB-E874-43D6-9B0B-C704688A171D}.Release|Any CPU.Build.0 = Release|Any CPU
		{51F8E14B-401D-4730-9737-D70D1510C602}.Debug|Any CPU.ActiveCfg = Debug|Any CPU
		{51F8E14B-401D-4730-9737-D70D1510C602}.Debug|Any CPU.Build.0 = Debug|Any CPU
		{51F8E14B-401D-4730-9737-D70D1510C602}.Release|Any CPU.ActiveCfg = Release|Any CPU
		{51F8E14B-401D-4730-9737-D70D1510C602}.Release|Any CPU.Build.0 = Release|Any CPU
		{4E14D51C-BF46-4AEC-9266-3E370375C966}.Debug|Any CPU.ActiveCfg = Debug|Any CPU
		{4E14D51C-BF46-4AEC-9266-3E370375C966}.Debug|Any CPU.Build.0 = Debug|Any CPU
		{4E14D51C-BF46-4AEC-9266-3E370375C966}.Release|Any CPU.ActiveCfg = Release|Any CPU
		{4E14D51C-BF46-4AEC-9266-3E370375C966}.Release|Any CPU.Build.0 = Release|Any CPU
		{0C981796-543C-4B11-95DF-D584686148C2}.Debug|Any CPU.ActiveCfg = Debug|Any CPU
		{0C981796-543C-4B11-95DF-D584686148C2}.Debug|Any CPU.Build.0 = Debug|Any CPU
		{0C981796-543C-4B11-95DF-D584686148C2}.Release|Any CPU.ActiveCfg = Release|Any CPU
		{0C981796-543C-4B11-95DF-D584686148C2}.Release|Any CPU.Build.0 = Release|Any CPU
		{A29DB766-813A-431E-88A9-A421FC368061}.Debug|Any CPU.ActiveCfg = Debug|Any CPU
		{A29DB766-813A-431E-88A9-A421FC368061}.Debug|Any CPU.Build.0 = Debug|Any CPU
		{A29DB766-813A-431E-88A9-A421FC368061}.Release|Any CPU.ActiveCfg = Release|Any CPU
		{A29DB766-813A-431E-88A9-A421FC368061}.Release|Any CPU.Build.0 = Release|Any CPU
		{3D11B532-3D17-4089-A901-CF989B228B79}.Debug|Any CPU.ActiveCfg = Debug|Any CPU
		{3D11B532-3D17-4089-A901-CF989B228B79}.Debug|Any CPU.Build.0 = Debug|Any CPU
		{3D11B532-3D17-4089-A901-CF989B228B79}.Release|Any CPU.ActiveCfg = Release|Any CPU
		{3D11B532-3D17-4089-A901-CF989B228B79}.Release|Any CPU.Build.0 = Release|Any CPU
	EndGlobalSection
	GlobalSection(SolutionProperties) = preSolution
		HideSolutionNode = FALSE
	EndGlobalSection
EndGlobal
