
Microsoft Visual Studio Solution File, Format Version 12.00
# Visual Studio 15
VisualStudioVersion = 15.0.26403.7
MinimumVisualStudioVersion = 10.0.40219.1
Project("{FAE04EC0-301F-11D3-BF4B-00C04F79EFBC}") = "ArrayStatistics", "ArrayStatistics\ArrayStatistics.csproj", "{BA57CC33-15E4-4AC5-8403-24053396B0EB}"
EndProject
Project("{FAE04EC0-301F-11D3-BF4B-00C04F79EFBC}") = "ManipulateArray", "ManipulateArray\ManipulateArray.csproj", "{026CC9D4-5BDF-4380-B5BF-1F310FC1DD69}"
EndProject
Project("{FAE04EC0-301F-11D3-BF4B-00C04F79EFBC}") = "SafeManipulation", "SafeManipulation\SafeManipulation.csproj", "{196C2600-C3F7-4F86-804C-49B1B34A38F0}"
EndProject
Project("{FAE04EC0-301F-11D3-BF4B-00C04F79EFBC}") = "GrabAndGo", "GrabAndGo\GrabAndGo.csproj", "{1CD0C06E-728A-4892-88C3-C6B54BF1F99F}"
EndProject
Project("{FAE04EC0-301F-11D3-BF4B-00C04F79EFBC}") = "PizzaIngredients", "PizzaIngredients\PizzaIngredients.csproj", "{6B81F115-B16B-4ADA-B473-7B6C373BB6E9}"
EndProject
Global
	GlobalSection(SolutionConfigurationPlatforms) = preSolution
		Debug|Any CPU = Debug|Any CPU
		Release|Any CPU = Release|Any CPU
	EndGlobalSection
	GlobalSection(ProjectConfigurationPlatforms) = postSolution
		{BA57CC33-15E4-4AC5-8403-24053396B0EB}.Debug|Any CPU.ActiveCfg = Debug|Any CPU
		{BA57CC33-15E4-4AC5-8403-24053396B0EB}.Debug|Any CPU.Build.0 = Debug|Any CPU
		{BA57CC33-15E4-4AC5-8403-24053396B0EB}.Release|Any CPU.ActiveCfg = Release|Any CPU
		{BA57CC33-15E4-4AC5-8403-24053396B0EB}.Release|Any CPU.Build.0 = Release|Any CPU
		{026CC9D4-5BDF-4380-B5BF-1F310FC1DD69}.Debug|Any CPU.ActiveCfg = Debug|Any CPU
		{026CC9D4-5BDF-4380-B5BF-1F310FC1DD69}.Debug|Any CPU.Build.0 = Debug|Any CPU
		{026CC9D4-5BDF-4380-B5BF-1F310FC1DD69}.Release|Any CPU.ActiveCfg = Release|Any CPU
		{026CC9D4-5BDF-4380-B5BF-1F310FC1DD69}.Release|Any CPU.Build.0 = Release|Any CPU
		{196C2600-C3F7-4F86-804C-49B1B34A38F0}.Debug|Any CPU.ActiveCfg = Debug|Any CPU
		{196C2600-C3F7-4F86-804C-49B1B34A38F0}.Debug|Any CPU.Build.0 = Debug|Any CPU
		{196C2600-C3F7-4F86-804C-49B1B34A38F0}.Release|Any CPU.ActiveCfg = Release|Any CPU
		{196C2600-C3F7-4F86-804C-49B1B34A38F0}.Release|Any CPU.Build.0 = Release|Any CPU
		{1CD0C06E-728A-4892-88C3-C6B54BF1F99F}.Debug|Any CPU.ActiveCfg = Debug|Any CPU
		{1CD0C06E-728A-4892-88C3-C6B54BF1F99F}.Debug|Any CPU.Build.0 = Debug|Any CPU
		{1CD0C06E-728A-4892-88C3-C6B54BF1F99F}.Release|Any CPU.ActiveCfg = Release|Any CPU
		{1CD0C06E-728A-4892-88C3-C6B54BF1F99F}.Release|Any CPU.Build.0 = Release|Any CPU
		{6B81F115-B16B-4ADA-B473-7B6C373BB6E9}.Debug|Any CPU.ActiveCfg = Debug|Any CPU
		{6B81F115-B16B-4ADA-B473-7B6C373BB6E9}.Debug|Any CPU.Build.0 = Debug|Any CPU
		{6B81F115-B16B-4ADA-B473-7B6C373BB6E9}.Release|Any CPU.ActiveCfg = Release|Any CPU
		{6B81F115-B16B-4ADA-B473-7B6C373BB6E9}.Release|Any CPU.Build.0 = Release|Any CPU
	EndGlobalSection
	GlobalSection(SolutionProperties) = preSolution
		HideSolutionNode = FALSE
	EndGlobalSection
EndGlobal
