
Microsoft Visual Studio Solution File, Format Version 12.00
# Visual Studio 15
VisualStudioVersion = 15.0.26403.7
MinimumVisualStudioVersion = 10.0.40219.1
Project("{FAE04EC0-301F-11D3-BF4B-00C04F79EFBC}") = "ArrayStatistics", "ArrayStatistics\ArrayStatistics.csproj", "{BA57CC33-15E4-4AC5-8403-24053396B0EB}"
EndProject
Project("{FAE04EC0-301F-11D3-BF4B-00C04F79EFBC}") = "ManipulateArray", "ManipulateArray\ManipulateArray.csproj", "{026CC9D4-5BDF-4380-B5BF-1F310FC1DD69}"
EndProject
Project("{FAE04EC0-301F-11D3-BF4B-00C04F79EFBC}") = "SafeManipulation", "SafeManipulation\SafeManipulation.csproj", "{196C2600-C3F7-4F86-804C-49B1B34A38F0}"
EndProject
Project("{FAE04EC0-301F-11D3-BF4B-00C04F79EFBC}") = "GrabAndGo", "GrabAndGo\GrabAndGo.csproj", "{1CD0C06E-728A-4892-88C3-C6B54BF1F99F}"
EndProject
Project("{FAE04EC0-301F-11D3-BF4B-00C04F79EFBC}") = "PizzaIngredients", "PizzaIngredients\PizzaIngredients.csproj", "{6B81F115-B16B-4ADA-B473-7B6C373BB6E9}"
EndProject
Project("{FAE04EC0-301F-11D3-BF4B-00C04F79EFBC}") = "Heists", "Heists\Heists.csproj", "{DFAF4056-21B7-4D41-A16D-470C888CC6C4}"
EndProject
Project("{FAE04EC0-301F-11D3-BF4B-00C04F79EFBC}") = "InventoryMatcher", "InventoryMatcher\InventoryMatcher.csproj", "{0D15B425-553B-45E5-905A-E147704A4A5F}"
EndProject
Project("{FAE04EC0-301F-11D3-BF4B-00C04F79EFBC}") = "UpgradedMatcher", "UpgradedMatcher\UpgradedMatcher.csproj", "{67A45ED9-DA21-4C46-BDF3-6F05EBA354CD}"
EndProject
Project("{FAE04EC0-301F-11D3-BF4B-00C04F79EFBC}") = "JumpAround", "JumpAround\JumpAround.csproj", "{E4FC3E09-39C3-43D3-B0A3-F9E387FA75D5}"
EndProject
Global
	GlobalSection(SolutionConfigurationPlatforms) = preSolution
		Debug|Any CPU = Debug|Any CPU
		Release|Any CPU = Release|Any CPU
	EndGlobalSection
	GlobalSection(ProjectConfigurationPlatforms) = postSolution
		{BA57CC33-15E4-4AC5-8403-24053396B0EB}.Debug|Any CPU.ActiveCfg = Debug|Any CPU
		{BA57CC33-15E4-4AC5-8403-24053396B0EB}.Debug|Any CPU.Build.0 = Debug|Any CPU
		{BA57CC33-15E4-4AC5-8403-24053396B0EB}.Release|Any CPU.ActiveCfg = Release|Any CPU
		{BA57CC33-15E4-4AC5-8403-24053396B0EB}.Release|Any CPU.Build.0 = Release|Any CPU
		{026CC9D4-5BDF-4380-B5BF-1F310FC1DD69}.Debug|Any CPU.ActiveCfg = Debug|Any CPU
		{026CC9D4-5BDF-4380-B5BF-1F310FC1DD69}.Debug|Any CPU.Build.0 = Debug|Any CPU
		{026CC9D4-5BDF-4380-B5BF-1F310FC1DD69}.Release|Any CPU.ActiveCfg = Release|Any CPU
		{026CC9D4-5BDF-4380-B5BF-1F310FC1DD69}.Release|Any CPU.Build.0 = Release|Any CPU
		{196C2600-C3F7-4F86-804C-49B1B34A38F0}.Debug|Any CPU.ActiveCfg = Debug|Any CPU
		{196C2600-C3F7-4F86-804C-49B1B34A38F0}.Debug|Any CPU.Build.0 = Debug|Any CPU
		{196C2600-C3F7-4F86-804C-49B1B34A38F0}.Release|Any CPU.ActiveCfg = Release|Any CPU
		{196C2600-C3F7-4F86-804C-49B1B34A38F0}.Release|Any CPU.Build.0 = Release|Any CPU
		{1CD0C06E-728A-4892-88C3-C6B54BF1F99F}.Debug|Any CPU.ActiveCfg = Debug|Any CPU
		{1CD0C06E-728A-4892-88C3-C6B54BF1F99F}.Debug|Any CPU.Build.0 = Debug|Any CPU
		{1CD0C06E-728A-4892-88C3-C6B54BF1F99F}.Release|Any CPU.ActiveCfg = Release|Any CPU
		{1CD0C06E-728A-4892-88C3-C6B54BF1F99F}.Release|Any CPU.Build.0 = Release|Any CPU
		{6B81F115-B16B-4ADA-B473-7B6C373BB6E9}.Debug|Any CPU.ActiveCfg = Debug|Any CPU
		{6B81F115-B16B-4ADA-B473-7B6C373BB6E9}.Debug|Any CPU.Build.0 = Debug|Any CPU
		{6B81F115-B16B-4ADA-B473-7B6C373BB6E9}.Release|Any CPU.ActiveCfg = Release|Any CPU
		{6B81F115-B16B-4ADA-B473-7B6C373BB6E9}.Release|Any CPU.Build.0 = Release|Any CPU
		{DFAF4056-21B7-4D41-A16D-470C888CC6C4}.Debug|Any CPU.ActiveCfg = Debug|Any CPU
		{DFAF4056-21B7-4D41-A16D-470C888CC6C4}.Debug|Any CPU.Build.0 = Debug|Any CPU
		{DFAF4056-21B7-4D41-A16D-470C888CC6C4}.Release|Any CPU.ActiveCfg = Release|Any CPU
		{DFAF4056-21B7-4D41-A16D-470C888CC6C4}.Release|Any CPU.Build.0 = Release|Any CPU
		{0D15B425-553B-45E5-905A-E147704A4A5F}.Debug|Any CPU.ActiveCfg = Debug|Any CPU
		{0D15B425-553B-45E5-905A-E147704A4A5F}.Debug|Any CPU.Build.0 = Debug|Any CPU
		{0D15B425-553B-45E5-905A-E147704A4A5F}.Release|Any CPU.ActiveCfg = Release|Any CPU
		{0D15B425-553B-45E5-905A-E147704A4A5F}.Release|Any CPU.Build.0 = Release|Any CPU
		{67A45ED9-DA21-4C46-BDF3-6F05EBA354CD}.Debug|Any CPU.ActiveCfg = Debug|Any CPU
		{67A45ED9-DA21-4C46-BDF3-6F05EBA354CD}.Debug|Any CPU.Build.0 = Debug|Any CPU
		{67A45ED9-DA21-4C46-BDF3-6F05EBA354CD}.Release|Any CPU.ActiveCfg = Release|Any CPU
		{67A45ED9-DA21-4C46-BDF3-6F05EBA354CD}.Release|Any CPU.Build.0 = Release|Any CPU
		{E4FC3E09-39C3-43D3-B0A3-F9E387FA75D5}.Debug|Any CPU.ActiveCfg = Debug|Any CPU
		{E4FC3E09-39C3-43D3-B0A3-F9E387FA75D5}.Debug|Any CPU.Build.0 = Debug|Any CPU
		{E4FC3E09-39C3-43D3-B0A3-F9E387FA75D5}.Release|Any CPU.ActiveCfg = Release|Any CPU
		{E4FC3E09-39C3-43D3-B0A3-F9E387FA75D5}.Release|Any CPU.Build.0 = Release|Any CPU
	EndGlobalSection
	GlobalSection(SolutionProperties) = preSolution
		HideSolutionNode = FALSE
	EndGlobalSection
EndGlobal
