
Microsoft Visual Studio Solution File, Format Version 12.00
# Visual Studio 15
VisualStudioVersion = 15.0.26403.7
MinimumVisualStudioVersion = 10.0.40219.1
Project("{FAE04EC0-301F-11D3-BF4B-00C04F79EFBC}") = "SoftuniCoffeeOrders", "SoftuniCoffeeOrders\SoftuniCoffeeOrders.csproj", "{A36487EE-4862-49B7-A0C8-5C5713418B79}"
EndProject
Project("{FAE04EC0-301F-11D3-BF4B-00C04F79EFBC}") = "CommandInterpreter", "CommandInterpreter\CommandInterpreter.csproj", "{16135A6B-0493-4B62-87B6-A46F82054F05}"
EndProject
Project("{FAE04EC0-301F-11D3-BF4B-00C04F79EFBC}") = "RageQuit", "RageQuit\RageQuit.csproj", "{371F75B9-3AA7-4190-821A-5F9BFE29C74D}"
EndProject
Project("{FAE04EC0-301F-11D3-BF4B-00C04F79EFBC}") = "Files", "Files\Files.csproj", "{2FD51370-43FB-45E2-8241-5BFB0BA2B834}"
EndProject
Project("{FAE04EC0-301F-11D3-BF4B-00C04F79EFBC}") = "Cubic'sMessages", "Cubic'sMessages\Cubic'sMessages.csproj", "{D75E06E8-B00E-488B-9714-E04FB18B3F43}"
EndProject
Global
	GlobalSection(SolutionConfigurationPlatforms) = preSolution
		Debug|Any CPU = Debug|Any CPU
		Release|Any CPU = Release|Any CPU
	EndGlobalSection
	GlobalSection(ProjectConfigurationPlatforms) = postSolution
		{A36487EE-4862-49B7-A0C8-5C5713418B79}.Debug|Any CPU.ActiveCfg = Debug|Any CPU
		{A36487EE-4862-49B7-A0C8-5C5713418B79}.Debug|Any CPU.Build.0 = Debug|Any CPU
		{A36487EE-4862-49B7-A0C8-5C5713418B79}.Release|Any CPU.ActiveCfg = Release|Any CPU
		{A36487EE-4862-49B7-A0C8-5C5713418B79}.Release|Any CPU.Build.0 = Release|Any CPU
		{16135A6B-0493-4B62-87B6-A46F82054F05}.Debug|Any CPU.ActiveCfg = Debug|Any CPU
		{16135A6B-0493-4B62-87B6-A46F82054F05}.Debug|Any CPU.Build.0 = Debug|Any CPU
		{16135A6B-0493-4B62-87B6-A46F82054F05}.Release|Any CPU.ActiveCfg = Release|Any CPU
		{16135A6B-0493-4B62-87B6-A46F82054F05}.Release|Any CPU.Build.0 = Release|Any CPU
		{371F75B9-3AA7-4190-821A-5F9BFE29C74D}.Debug|Any CPU.ActiveCfg = Debug|Any CPU
		{371F75B9-3AA7-4190-821A-5F9BFE29C74D}.Debug|Any CPU.Build.0 = Debug|Any CPU
		{371F75B9-3AA7-4190-821A-5F9BFE29C74D}.Release|Any CPU.ActiveCfg = Release|Any CPU
		{371F75B9-3AA7-4190-821A-5F9BFE29C74D}.Release|Any CPU.Build.0 = Release|Any CPU
		{2FD51370-43FB-45E2-8241-5BFB0BA2B834}.Debug|Any CPU.ActiveCfg = Debug|Any CPU
		{2FD51370-43FB-45E2-8241-5BFB0BA2B834}.Debug|Any CPU.Build.0 = Debug|Any CPU
		{2FD51370-43FB-45E2-8241-5BFB0BA2B834}.Release|Any CPU.ActiveCfg = Release|Any CPU
		{2FD51370-43FB-45E2-8241-5BFB0BA2B834}.Release|Any CPU.Build.0 = Release|Any CPU
		{D75E06E8-B00E-488B-9714-E04FB18B3F43}.Debug|Any CPU.ActiveCfg = Debug|Any CPU
		{D75E06E8-B00E-488B-9714-E04FB18B3F43}.Debug|Any CPU.Build.0 = Debug|Any CPU
		{D75E06E8-B00E-488B-9714-E04FB18B3F43}.Release|Any CPU.ActiveCfg = Release|Any CPU
		{D75E06E8-B00E-488B-9714-E04FB18B3F43}.Release|Any CPU.Build.0 = Release|Any CPU
	EndGlobalSection
	GlobalSection(SolutionProperties) = preSolution
		HideSolutionNode = FALSE
	EndGlobalSection
EndGlobal
