
Microsoft Visual Studio Solution File, Format Version 12.00
# Visual Studio 15
VisualStudioVersion = 15.0.26403.7
MinimumVisualStudioVersion = 10.0.40219.1
Project("{FAE04EC0-301F-11D3-BF4B-00C04F79EFBC}") = "RemoveNegativesAndReverse", "RemoveNegativesAndReverse\RemoveNegativesAndReverse.csproj", "{C9AC0F92-D64F-4716-AA44-2D270A8BDAA9}"
EndProject
Project("{FAE04EC0-301F-11D3-BF4B-00C04F79EFBC}") = "AppendList", "AppendList\AppendList.csproj", "{E590C2B0-43C0-48D2-A2E2-ACD626BA972A}"
EndProject
Project("{FAE04EC0-301F-11D3-BF4B-00C04F79EFBC}") = "SumAdjacentEqualNumbers", "SumAdjecentEqualNumbers\SumAdjacentEqualNumbers.csproj", "{6891FFD8-883F-4C24-9FAC-41E19F4546A2}"
EndProject
Project("{FAE04EC0-301F-11D3-BF4B-00C04F79EFBC}") = "SplitByWordCasing", "SplitByWordCasing\SplitByWordCasing.csproj", "{81260FBB-DA93-4621-93B2-A2A496E38DFB}"
EndProject
Project("{FAE04EC0-301F-11D3-BF4B-00C04F79EFBC}") = "SortNumbers", "SortNumbers\SortNumbers.csproj", "{53C7B215-DEB7-4543-9F72-45090D264164}"
EndProject
Project("{FAE04EC0-301F-11D3-BF4B-00C04F79EFBC}") = "SquareNumbers", "SquareNumbers\SquareNumbers.csproj", "{30C3B569-A997-4842-94DB-D0C121C5C45E}"
EndProject
Project("{FAE04EC0-301F-11D3-BF4B-00C04F79EFBC}") = "CountNumbers", "CountNumbers\CountNumbers.csproj", "{2606ACEF-663D-4F99-976D-F0CFEF3B3EFC}"
EndProject
Global
	GlobalSection(SolutionConfigurationPlatforms) = preSolution
		Debug|Any CPU = Debug|Any CPU
		Release|Any CPU = Release|Any CPU
	EndGlobalSection
	GlobalSection(ProjectConfigurationPlatforms) = postSolution
		{C9AC0F92-D64F-4716-AA44-2D270A8BDAA9}.Debug|Any CPU.ActiveCfg = Debug|Any CPU
		{C9AC0F92-D64F-4716-AA44-2D270A8BDAA9}.Debug|Any CPU.Build.0 = Debug|Any CPU
		{C9AC0F92-D64F-4716-AA44-2D270A8BDAA9}.Release|Any CPU.ActiveCfg = Release|Any CPU
		{C9AC0F92-D64F-4716-AA44-2D270A8BDAA9}.Release|Any CPU.Build.0 = Release|Any CPU
		{E590C2B0-43C0-48D2-A2E2-ACD626BA972A}.Debug|Any CPU.ActiveCfg = Debug|Any CPU
		{E590C2B0-43C0-48D2-A2E2-ACD626BA972A}.Debug|Any CPU.Build.0 = Debug|Any CPU
		{E590C2B0-43C0-48D2-A2E2-ACD626BA972A}.Release|Any CPU.ActiveCfg = Release|Any CPU
		{E590C2B0-43C0-48D2-A2E2-ACD626BA972A}.Release|Any CPU.Build.0 = Release|Any CPU
		{6891FFD8-883F-4C24-9FAC-41E19F4546A2}.Debug|Any CPU.ActiveCfg = Debug|Any CPU
		{6891FFD8-883F-4C24-9FAC-41E19F4546A2}.Debug|Any CPU.Build.0 = Debug|Any CPU
		{6891FFD8-883F-4C24-9FAC-41E19F4546A2}.Release|Any CPU.ActiveCfg = Release|Any CPU
		{6891FFD8-883F-4C24-9FAC-41E19F4546A2}.Release|Any CPU.Build.0 = Release|Any CPU
		{81260FBB-DA93-4621-93B2-A2A496E38DFB}.Debug|Any CPU.ActiveCfg = Debug|Any CPU
		{81260FBB-DA93-4621-93B2-A2A496E38DFB}.Debug|Any CPU.Build.0 = Debug|Any CPU
		{81260FBB-DA93-4621-93B2-A2A496E38DFB}.Release|Any CPU.ActiveCfg = Release|Any CPU
		{81260FBB-DA93-4621-93B2-A2A496E38DFB}.Release|Any CPU.Build.0 = Release|Any CPU
		{53C7B215-DEB7-4543-9F72-45090D264164}.Debug|Any CPU.ActiveCfg = Debug|Any CPU
		{53C7B215-DEB7-4543-9F72-45090D264164}.Debug|Any CPU.Build.0 = Debug|Any CPU
		{53C7B215-DEB7-4543-9F72-45090D264164}.Release|Any CPU.ActiveCfg = Release|Any CPU
		{53C7B215-DEB7-4543-9F72-45090D264164}.Release|Any CPU.Build.0 = Release|Any CPU
		{30C3B569-A997-4842-94DB-D0C121C5C45E}.Debug|Any CPU.ActiveCfg = Debug|Any CPU
		{30C3B569-A997-4842-94DB-D0C121C5C45E}.Debug|Any CPU.Build.0 = Debug|Any CPU
		{30C3B569-A997-4842-94DB-D0C121C5C45E}.Release|Any CPU.ActiveCfg = Release|Any CPU
		{30C3B569-A997-4842-94DB-D0C121C5C45E}.Release|Any CPU.Build.0 = Release|Any CPU
		{2606ACEF-663D-4F99-976D-F0CFEF3B3EFC}.Debug|Any CPU.ActiveCfg = Debug|Any CPU
		{2606ACEF-663D-4F99-976D-F0CFEF3B3EFC}.Debug|Any CPU.Build.0 = Debug|Any CPU
		{2606ACEF-663D-4F99-976D-F0CFEF3B3EFC}.Release|Any CPU.ActiveCfg = Release|Any CPU
		{2606ACEF-663D-4F99-976D-F0CFEF3B3EFC}.Release|Any CPU.Build.0 = Release|Any CPU
	EndGlobalSection
	GlobalSection(SolutionProperties) = preSolution
		HideSolutionNode = FALSE
	EndGlobalSection
EndGlobal
