
Microsoft Visual Studio Solution File, Format Version 12.00
# Visual Studio 15
VisualStudioVersion = 15.0.26403.7
MinimumVisualStudioVersion = 10.0.40219.1
Project("{FAE04EC0-301F-11D3-BF4B-00C04F79EFBC}") = "MatchFullName", "MatchFullName\MatchFullName.csproj", "{7CA1783E-91BF-4BB7-94FA-322B475CC0D2}"
EndProject
Project("{FAE04EC0-301F-11D3-BF4B-00C04F79EFBC}") = "MatchPhoneNumber", "MatchPhoneNumber\MatchPhoneNumber.csproj", "{5EA882C9-D9C2-4B14-B06E-F1C08C3D06B6}"
EndProject
Project("{FAE04EC0-301F-11D3-BF4B-00C04F79EFBC}") = "MatchHexadecimalNumbers", "MatchHexadecimalNumbers\MatchHexadecimalNumbers.csproj", "{9A74C4F1-7F8C-4168-B951-1E22D553228B}"
EndProject
Project("{FAE04EC0-301F-11D3-BF4B-00C04F79EFBC}") = "MatchDates", "MatchDates\MatchDates.csproj", "{4C57F6E0-8D8D-4462-B831-2DCB65DA750A}"
EndProject
Project("{FAE04EC0-301F-11D3-BF4B-00C04F79EFBC}") = "MatchNumbers", "MatchNumbers\MatchNumbers.csproj", "{5AD0D7D8-A53E-4837-9B05-8150104B653E}"
EndProject
Project("{FAE04EC0-301F-11D3-BF4B-00C04F79EFBC}") = "ReplaceATag", "ReplaceATag\ReplaceATag.csproj", "{C03E3030-741A-417B-805B-D3A3F308728B}"
EndProject
Global
	GlobalSection(SolutionConfigurationPlatforms) = preSolution
		Debug|Any CPU = Debug|Any CPU
		Release|Any CPU = Release|Any CPU
	EndGlobalSection
	GlobalSection(ProjectConfigurationPlatforms) = postSolution
		{7CA1783E-91BF-4BB7-94FA-322B475CC0D2}.Debug|Any CPU.ActiveCfg = Debug|Any CPU
		{7CA1783E-91BF-4BB7-94FA-322B475CC0D2}.Debug|Any CPU.Build.0 = Debug|Any CPU
		{7CA1783E-91BF-4BB7-94FA-322B475CC0D2}.Release|Any CPU.ActiveCfg = Release|Any CPU
		{7CA1783E-91BF-4BB7-94FA-322B475CC0D2}.Release|Any CPU.Build.0 = Release|Any CPU
		{5EA882C9-D9C2-4B14-B06E-F1C08C3D06B6}.Debug|Any CPU.ActiveCfg = Debug|Any CPU
		{5EA882C9-D9C2-4B14-B06E-F1C08C3D06B6}.Debug|Any CPU.Build.0 = Debug|Any CPU
		{5EA882C9-D9C2-4B14-B06E-F1C08C3D06B6}.Release|Any CPU.ActiveCfg = Release|Any CPU
		{5EA882C9-D9C2-4B14-B06E-F1C08C3D06B6}.Release|Any CPU.Build.0 = Release|Any CPU
		{9A74C4F1-7F8C-4168-B951-1E22D553228B}.Debug|Any CPU.ActiveCfg = Debug|Any CPU
		{9A74C4F1-7F8C-4168-B951-1E22D553228B}.Debug|Any CPU.Build.0 = Debug|Any CPU
		{9A74C4F1-7F8C-4168-B951-1E22D553228B}.Release|Any CPU.ActiveCfg = Release|Any CPU
		{9A74C4F1-7F8C-4168-B951-1E22D553228B}.Release|Any CPU.Build.0 = Release|Any CPU
		{4C57F6E0-8D8D-4462-B831-2DCB65DA750A}.Debug|Any CPU.ActiveCfg = Debug|Any CPU
		{4C57F6E0-8D8D-4462-B831-2DCB65DA750A}.Debug|Any CPU.Build.0 = Debug|Any CPU
		{4C57F6E0-8D8D-4462-B831-2DCB65DA750A}.Release|Any CPU.ActiveCfg = Release|Any CPU
		{4C57F6E0-8D8D-4462-B831-2DCB65DA750A}.Release|Any CPU.Build.0 = Release|Any CPU
		{5AD0D7D8-A53E-4837-9B05-8150104B653E}.Debug|Any CPU.ActiveCfg = Debug|Any CPU
		{5AD0D7D8-A53E-4837-9B05-8150104B653E}.Debug|Any CPU.Build.0 = Debug|Any CPU
		{5AD0D7D8-A53E-4837-9B05-8150104B653E}.Release|Any CPU.ActiveCfg = Release|Any CPU
		{5AD0D7D8-A53E-4837-9B05-8150104B653E}.Release|Any CPU.Build.0 = Release|Any CPU
		{C03E3030-741A-417B-805B-D3A3F308728B}.Debug|Any CPU.ActiveCfg = Debug|Any CPU
		{C03E3030-741A-417B-805B-D3A3F308728B}.Debug|Any CPU.Build.0 = Debug|Any CPU
		{C03E3030-741A-417B-805B-D3A3F308728B}.Release|Any CPU.ActiveCfg = Release|Any CPU
		{C03E3030-741A-417B-805B-D3A3F308728B}.Release|Any CPU.Build.0 = Release|Any CPU
	EndGlobalSection
	GlobalSection(SolutionProperties) = preSolution
		HideSolutionNode = FALSE
	EndGlobalSection
EndGlobal
