
Microsoft Visual Studio Solution File, Format Version 12.00
# Visual Studio 15
VisualStudioVersion = 15.0.26403.7
MinimumVisualStudioVersion = 10.0.40219.1
Project("{FAE04EC0-301F-11D3-BF4B-00C04F79EFBC}") = "SweetDessert", "SweetDessert\SweetDessert.csproj", "{4702BEBA-C471-493F-BA99-2D641C55B451}"
EndProject
Project("{FAE04EC0-301F-11D3-BF4B-00C04F79EFBC}") = "ArrayManipulator", "ArrayManipulator\ArrayManipulator.csproj", "{3F7FFCEF-3A6E-484C-A88B-521A66A52AA0}"
EndProject
Project("{FAE04EC0-301F-11D3-BF4B-00C04F79EFBC}") = "FootballLeague", "FootballLeague\FootballLeague.csproj", "{D2C39F77-F255-4066-A936-E3ACFC3464C2}"
EndProject
Global
	GlobalSection(SolutionConfigurationPlatforms) = preSolution
		Debug|Any CPU = Debug|Any CPU
		Release|Any CPU = Release|Any CPU
	EndGlobalSection
	GlobalSection(ProjectConfigurationPlatforms) = postSolution
		{4702BEBA-C471-493F-BA99-2D641C55B451}.Debug|Any CPU.ActiveCfg = Debug|Any CPU
		{4702BEBA-C471-493F-BA99-2D641C55B451}.Debug|Any CPU.Build.0 = Debug|Any CPU
		{4702BEBA-C471-493F-BA99-2D641C55B451}.Release|Any CPU.ActiveCfg = Release|Any CPU
		{4702BEBA-C471-493F-BA99-2D641C55B451}.Release|Any CPU.Build.0 = Release|Any CPU
		{3F7FFCEF-3A6E-484C-A88B-521A66A52AA0}.Debug|Any CPU.ActiveCfg = Debug|Any CPU
		{3F7FFCEF-3A6E-484C-A88B-521A66A52AA0}.Debug|Any CPU.Build.0 = Debug|Any CPU
		{3F7FFCEF-3A6E-484C-A88B-521A66A52AA0}.Release|Any CPU.ActiveCfg = Release|Any CPU
		{3F7FFCEF-3A6E-484C-A88B-521A66A52AA0}.Release|Any CPU.Build.0 = Release|Any CPU
		{D2C39F77-F255-4066-A936-E3ACFC3464C2}.Debug|Any CPU.ActiveCfg = Debug|Any CPU
		{D2C39F77-F255-4066-A936-E3ACFC3464C2}.Debug|Any CPU.Build.0 = Debug|Any CPU
		{D2C39F77-F255-4066-A936-E3ACFC3464C2}.Release|Any CPU.ActiveCfg = Release|Any CPU
		{D2C39F77-F255-4066-A936-E3ACFC3464C2}.Release|Any CPU.Build.0 = Release|Any CPU
	EndGlobalSection
	GlobalSection(SolutionProperties) = preSolution
		HideSolutionNode = FALSE
	EndGlobalSection
EndGlobal
