
Microsoft Visual Studio Solution File, Format Version 12.00
# Visual Studio 15
VisualStudioVersion = 15.0.26403.7
MinimumVisualStudioVersion = 10.0.40219.1
Project("{FAE04EC0-301F-11D3-BF4B-00C04F79EFBC}") = "CharityMaraton", "CharityMaraton\CharityMaraton.csproj", "{5F457BED-4487-45FE-A210-68F4A064EEE5}"
EndProject
Project("{FAE04EC0-301F-11D3-BF4B-00C04F79EFBC}") = "LadyBugs", "LadyBugs\LadyBugs.csproj", "{46FB04E1-7274-49B9-A1A4-162980890D60}"
EndProject
Project("{FAE04EC0-301F-11D3-BF4B-00C04F79EFBC}") = "NetherRealms", "NetherRealms\NetherRealms.csproj", "{7EE48F2D-9395-4FEC-80CA-84CC681833AA}"
EndProject
Global
	GlobalSection(SolutionConfigurationPlatforms) = preSolution
		Debug|Any CPU = Debug|Any CPU
		Release|Any CPU = Release|Any CPU
	EndGlobalSection
	GlobalSection(ProjectConfigurationPlatforms) = postSolution
		{5F457BED-4487-45FE-A210-68F4A064EEE5}.Debug|Any CPU.ActiveCfg = Debug|Any CPU
		{5F457BED-4487-45FE-A210-68F4A064EEE5}.Debug|Any CPU.Build.0 = Debug|Any CPU
		{5F457BED-4487-45FE-A210-68F4A064EEE5}.Release|Any CPU.ActiveCfg = Release|Any CPU
		{5F457BED-4487-45FE-A210-68F4A064EEE5}.Release|Any CPU.Build.0 = Release|Any CPU
		{46FB04E1-7274-49B9-A1A4-162980890D60}.Debug|Any CPU.ActiveCfg = Debug|Any CPU
		{46FB04E1-7274-49B9-A1A4-162980890D60}.Debug|Any CPU.Build.0 = Debug|Any CPU
		{46FB04E1-7274-49B9-A1A4-162980890D60}.Release|Any CPU.ActiveCfg = Release|Any CPU
		{46FB04E1-7274-49B9-A1A4-162980890D60}.Release|Any CPU.Build.0 = Release|Any CPU
		{7EE48F2D-9395-4FEC-80CA-84CC681833AA}.Debug|Any CPU.ActiveCfg = Debug|Any CPU
		{7EE48F2D-9395-4FEC-80CA-84CC681833AA}.Debug|Any CPU.Build.0 = Debug|Any CPU
		{7EE48F2D-9395-4FEC-80CA-84CC681833AA}.Release|Any CPU.ActiveCfg = Release|Any CPU
		{7EE48F2D-9395-4FEC-80CA-84CC681833AA}.Release|Any CPU.Build.0 = Release|Any CPU
	EndGlobalSection
	GlobalSection(SolutionProperties) = preSolution
		HideSolutionNode = FALSE
	EndGlobalSection
EndGlobal
