
Microsoft Visual Studio Solution File, Format Version 12.00
# Visual Studio 15
VisualStudioVersion = 15.0.26403.7
MinimumVisualStudioVersion = 10.0.40219.1
Project("{FAE04EC0-301F-11D3-BF4B-00C04F79EFBC}") = "HornetWings", "HornetWings\HornetWings.csproj", "{C247C114-E33D-477A-9714-307CF7823B4C}"
EndProject
Project("{FAE04EC0-301F-11D3-BF4B-00C04F79EFBC}") = "HornetComm", "HornetComm\HornetComm.csproj", "{B9654C0D-EA08-41F2-A49C-BCB7FDE59035}"
EndProject
Project("{FAE04EC0-301F-11D3-BF4B-00C04F79EFBC}") = "HornetAssault", "HornetAssault\HornetAssault.csproj", "{12BA600D-0C2D-4587-B37E-991425F33FE6}"
EndProject
Global
	GlobalSection(SolutionConfigurationPlatforms) = preSolution
		Debug|Any CPU = Debug|Any CPU
		Release|Any CPU = Release|Any CPU
	EndGlobalSection
	GlobalSection(ProjectConfigurationPlatforms) = postSolution
		{C247C114-E33D-477A-9714-307CF7823B4C}.Debug|Any CPU.ActiveCfg = Debug|Any CPU
		{C247C114-E33D-477A-9714-307CF7823B4C}.Debug|Any CPU.Build.0 = Debug|Any CPU
		{C247C114-E33D-477A-9714-307CF7823B4C}.Release|Any CPU.ActiveCfg = Release|Any CPU
		{C247C114-E33D-477A-9714-307CF7823B4C}.Release|Any CPU.Build.0 = Release|Any CPU
		{B9654C0D-EA08-41F2-A49C-BCB7FDE59035}.Debug|Any CPU.ActiveCfg = Debug|Any CPU
		{B9654C0D-EA08-41F2-A49C-BCB7FDE59035}.Debug|Any CPU.Build.0 = Debug|Any CPU
		{B9654C0D-EA08-41F2-A49C-BCB7FDE59035}.Release|Any CPU.ActiveCfg = Release|Any CPU
		{B9654C0D-EA08-41F2-A49C-BCB7FDE59035}.Release|Any CPU.Build.0 = Release|Any CPU
		{12BA600D-0C2D-4587-B37E-991425F33FE6}.Debug|Any CPU.ActiveCfg = Debug|Any CPU
		{12BA600D-0C2D-4587-B37E-991425F33FE6}.Debug|Any CPU.Build.0 = Debug|Any CPU
		{12BA600D-0C2D-4587-B37E-991425F33FE6}.Release|Any CPU.ActiveCfg = Release|Any CPU
		{12BA600D-0C2D-4587-B37E-991425F33FE6}.Release|Any CPU.Build.0 = Release|Any CPU
	EndGlobalSection
	GlobalSection(SolutionProperties) = preSolution
		HideSolutionNode = FALSE
	EndGlobalSection
EndGlobal
