
Microsoft Visual Studio Solution File, Format Version 12.00
# Visual Studio 15
VisualStudioVersion = 15.0.26403.7
MinimumVisualStudioVersion = 10.0.40219.1
Project("{FAE04EC0-301F-11D3-BF4B-00C04F79EFBC}") = "Greeting", "Greeting\Greeting.csproj", "{16680736-8122-4E7A-942B-A2DA307A6C54}"
EndProject
Project("{FAE04EC0-301F-11D3-BF4B-00C04F79EFBC}") = "AddTwoNumbers", "AddTwoNumbers\AddTwoNumbers.csproj", "{258B024A-A439-4CB1-A03D-DED2309A780A}"
EndProject
Project("{FAE04EC0-301F-11D3-BF4B-00C04F79EFBC}") = "EmployeeData", "EmployeeData\EmployeeData.csproj", "{EB2B5E7F-3F51-4DA9-935F-618D270A7E00}"
EndProject
Global
	GlobalSection(SolutionConfigurationPlatforms) = preSolution
		Debug|Any CPU = Debug|Any CPU
		Release|Any CPU = Release|Any CPU
	EndGlobalSection
	GlobalSection(ProjectConfigurationPlatforms) = postSolution
		{16680736-8122-4E7A-942B-A2DA307A6C54}.Debug|Any CPU.ActiveCfg = Debug|Any CPU
		{16680736-8122-4E7A-942B-A2DA307A6C54}.Debug|Any CPU.Build.0 = Debug|Any CPU
		{16680736-8122-4E7A-942B-A2DA307A6C54}.Release|Any CPU.ActiveCfg = Release|Any CPU
		{16680736-8122-4E7A-942B-A2DA307A6C54}.Release|Any CPU.Build.0 = Release|Any CPU
		{258B024A-A439-4CB1-A03D-DED2309A780A}.Debug|Any CPU.ActiveCfg = Debug|Any CPU
		{258B024A-A439-4CB1-A03D-DED2309A780A}.Debug|Any CPU.Build.0 = Debug|Any CPU
		{258B024A-A439-4CB1-A03D-DED2309A780A}.Release|Any CPU.ActiveCfg = Release|Any CPU
		{258B024A-A439-4CB1-A03D-DED2309A780A}.Release|Any CPU.Build.0 = Release|Any CPU
		{EB2B5E7F-3F51-4DA9-935F-618D270A7E00}.Debug|Any CPU.ActiveCfg = Debug|Any CPU
		{EB2B5E7F-3F51-4DA9-935F-618D270A7E00}.Debug|Any CPU.Build.0 = Debug|Any CPU
		{EB2B5E7F-3F51-4DA9-935F-618D270A7E00}.Release|Any CPU.ActiveCfg = Release|Any CPU
		{EB2B5E7F-3F51-4DA9-935F-618D270A7E00}.Release|Any CPU.Build.0 = Release|Any CPU
	EndGlobalSection
	GlobalSection(SolutionProperties) = preSolution
		HideSolutionNode = FALSE
	EndGlobalSection
EndGlobal
